# This file is automatically @generated by Cargo.
# It is not intended for manual editing.
version = 3

[[package]]
name = "aes"
version = "0.8.1"
source = "registry+https://github.com/rust-lang/crates.io-index"
checksum = "bfe0133578c0986e1fe3dfcd4af1cc5b2dd6c3dbf534d69916ce16a2701d40ba"
dependencies = [
 "cfg-if",
 "cipher",
 "cpufeatures",
]

[[package]]
name = "anyhow"
version = "1.0.57"
source = "registry+https://github.com/rust-lang/crates.io-index"
checksum = "08f9b8508dccb7687a1d6c4ce66b2b0ecef467c94667de27d8d7fe1f8d2a9cdc"

[[package]]
name = "autocfg"
version = "1.1.0"
source = "registry+https://github.com/rust-lang/crates.io-index"
checksum = "d468802bab17cbc0cc575e9b053f41e72aa36bfa6b7f55e3529ffa43161b97fa"

[[package]]
name = "bitflags"
version = "1.3.2"
source = "registry+https://github.com/rust-lang/crates.io-index"
checksum = "bef38d45163c2f1dde094a7dfd33ccf595c92905c8f8f4fdc18d06fb1037718a"

[[package]]
name = "block-buffer"
version = "0.10.2"
source = "registry+https://github.com/rust-lang/crates.io-index"
checksum = "0bf7fe51849ea569fd452f37822f606a5cabb684dc918707a0193fd4664ff324"
dependencies = [
 "generic-array",
]

[[package]]
name = "bumpalo"
version = "3.9.1"
source = "registry+https://github.com/rust-lang/crates.io-index"
checksum = "a4a45a46ab1f2412e53d3a0ade76ffad2025804294569aae387231a0cd6e0899"

[[package]]
name = "bytes"
version = "1.1.0"
source = "registry+https://github.com/rust-lang/crates.io-index"
checksum = "c4872d67bab6358e59559027aa3b9157c53d9358c51423c17554809a8858e0f8"

[[package]]
name = "cc"
version = "1.0.73"
source = "registry+https://github.com/rust-lang/crates.io-index"
checksum = "2fff2a6927b3bb87f9595d67196a70493f627687a71d87a0d692242c33f58c11"

[[package]]
name = "cfg-if"
version = "1.0.0"
source = "registry+https://github.com/rust-lang/crates.io-index"
checksum = "baf1de4339761588bc0619e3cbc0120ee582ebb74b53b4efbf79117bd2da40fd"

[[package]]
name = "chrono"
version = "0.4.19"
source = "registry+https://github.com/rust-lang/crates.io-index"
checksum = "670ad68c9088c2a963aaa298cb369688cf3f9465ce5e2d4ca10e6e0098a1ce73"
dependencies = [
 "libc",
 "num-integer",
 "num-traits",
 "time",
 "winapi",
]

[[package]]
name = "cipher"
version = "0.4.3"
source = "registry+https://github.com/rust-lang/crates.io-index"
checksum = "d1873270f8f7942c191139cb8a40fd228da6c3fd2fc376d7e92d47aa14aeb59e"
dependencies = [
 "crypto-common",
 "inout",
]

[[package]]
name = "cpufeatures"
version = "0.2.2"
source = "registry+https://github.com/rust-lang/crates.io-index"
checksum = "59a6001667ab124aebae2a495118e11d30984c3a653e99d86d58971708cf5e4b"
dependencies = [
 "libc",
]

[[package]]
name = "crypto-common"
version = "0.1.3"
source = "registry+https://github.com/rust-lang/crates.io-index"
checksum = "57952ca27b5e3606ff4dd79b0020231aaf9d6aa76dc05fd30137538c50bd3ce8"
dependencies = [
 "generic-array",
 "typenum",
]

[[package]]
name = "ctr"
version = "0.9.1"
source = "registry+https://github.com/rust-lang/crates.io-index"
checksum = "0d14f329cfbaf5d0e06b5e87fff7e265d2673c5ea7d2c27691a2c107db1442a0"
dependencies = [
 "cipher",
]

[[package]]
name = "digest"
version = "0.10.3"
source = "registry+https://github.com/rust-lang/crates.io-index"
checksum = "f2fb860ca6fafa5552fb6d0e816a69c8e49f0908bf524e30a90d97c85892d506"
dependencies = [
 "block-buffer",
 "crypto-common",
 "subtle",
]

[[package]]
name = "doc-comment"
version = "0.3.3"
source = "registry+https://github.com/rust-lang/crates.io-index"
checksum = "fea41bba32d969b513997752735605054bc0dfa92b4c56bf1189f2e174be7a10"

[[package]]
name = "door"
version = "0.1.0"

[[package]]
name = "door-sshproto"
version = "0.1.0"
dependencies = [
 "aes",
 "anyhow",
 "ctr",
 "hmac",
 "log",
 "pretty-hex",
 "rand",
 "ring",
 "serde",
 "sha2",
 "snafu",
 "zeroize",
]

[[package]]
name = "door-tokio"
version = "0.1.0"
dependencies = [
 "anyhow",
 "door-sshproto",
 "log",
 "pretty-hex",
 "simplelog",
 "snafu",
 "tokio",
]

[[package]]
name = "generic-array"
version = "0.14.5"
source = "registry+https://github.com/rust-lang/crates.io-index"
checksum = "fd48d33ec7f05fbfa152300fdad764757cbded343c1aa1cff2fbaf4134851803"
dependencies = [
 "typenum",
 "version_check",
]

[[package]]
name = "getrandom"
version = "0.2.6"
source = "registry+https://github.com/rust-lang/crates.io-index"
checksum = "9be70c98951c83b8d2f8f60d7065fa6d5146873094452a1008da8c2f1e4205ad"
dependencies = [
 "cfg-if",
 "libc",
 "wasi 0.10.2+wasi-snapshot-preview1",
]

[[package]]
name = "heck"
version = "0.3.3"
source = "registry+https://github.com/rust-lang/crates.io-index"
checksum = "6d621efb26863f0e9924c6ac577e8275e5e6b77455db64ffa6c65c904e9e132c"
dependencies = [
 "unicode-segmentation",
]

[[package]]
name = "hermit-abi"
version = "0.1.19"
source = "registry+https://github.com/rust-lang/crates.io-index"
checksum = "62b467343b94ba476dcb2500d242dadbb39557df889310ac77c5d99100aaac33"
dependencies = [
 "libc",
]

[[package]]
name = "hmac"
version = "0.12.1"
source = "registry+https://github.com/rust-lang/crates.io-index"
checksum = "6c49c37c09c17a53d937dfbb742eb3a961d65a994e6bcdcf37e7399d0cc8ab5e"
dependencies = [
 "digest",
]

[[package]]
name = "inout"
version = "0.1.3"
source = "registry+https://github.com/rust-lang/crates.io-index"
checksum = "a0c10553d664a4d0bcff9f4215d0aac67a639cc68ef660840afe309b807bc9f5"
dependencies = [
 "generic-array",
]

[[package]]
name = "js-sys"
version = "0.3.57"
source = "registry+https://github.com/rust-lang/crates.io-index"
checksum = "671a26f820db17c2a2750743f1dd03bafd15b98c9f30c7c2628c024c05d73397"
dependencies = [
 "wasm-bindgen",
]

[[package]]
name = "lazy_static"
version = "1.4.0"
source = "registry+https://github.com/rust-lang/crates.io-index"
checksum = "e2abad23fbc42b3700f2f279844dc832adb2b2eb069b2df918f455c4e18cc646"

[[package]]
name = "libc"
version = "0.2.124"
source = "registry+https://github.com/rust-lang/crates.io-index"
checksum = "21a41fed9d98f27ab1c6d161da622a4fa35e8a54a8adc24bbf3ddd0ef70b0e50"

[[package]]
name = "lock_api"
version = "0.4.7"
source = "registry+https://github.com/rust-lang/crates.io-index"
checksum = "327fa5b6a6940e4699ec49a9beae1ea4845c6bab9314e4f84ac68742139d8c53"
dependencies = [
 "autocfg",
 "scopeguard",
]

[[package]]
name = "log"
version = "0.4.16"
source = "registry+https://github.com/rust-lang/crates.io-index"
checksum = "6389c490849ff5bc16be905ae24bc913a9c8892e19b2341dbc175e14c341c2b8"
dependencies = [
 "cfg-if",
]

[[package]]
name = "memchr"
version = "2.4.1"
source = "registry+https://github.com/rust-lang/crates.io-index"
checksum = "308cc39be01b73d0d18f82a0e7b2a3df85245f84af96fdddc5d202d27e47b86a"

[[package]]
name = "mio"
version = "0.8.2"
source = "registry+https://github.com/rust-lang/crates.io-index"
checksum = "52da4364ffb0e4fe33a9841a98a3f3014fb964045ce4f7a45a398243c8d6b0c9"
dependencies = [
 "libc",
 "log",
 "miow",
 "ntapi",
 "wasi 0.11.0+wasi-snapshot-preview1",
 "winapi",
]

[[package]]
name = "miow"
version = "0.3.7"
source = "registry+https://github.com/rust-lang/crates.io-index"
checksum = "b9f1c5b025cda876f66ef43a113f91ebc9f4ccef34843000e0adf6ebbab84e21"
dependencies = [
 "winapi",
]

[[package]]
name = "ntapi"
version = "0.3.7"
source = "registry+https://github.com/rust-lang/crates.io-index"
checksum = "c28774a7fd2fbb4f0babd8237ce554b73af68021b5f695a3cebd6c59bac0980f"
dependencies = [
 "winapi",
]

[[package]]
name = "num-integer"
version = "0.1.44"
source = "registry+https://github.com/rust-lang/crates.io-index"
checksum = "d2cc698a63b549a70bc047073d2949cce27cd1c7b0a4a862d08a8031bc2801db"
dependencies = [
 "autocfg",
 "num-traits",
]

[[package]]
name = "num-traits"
version = "0.2.14"
source = "registry+https://github.com/rust-lang/crates.io-index"
checksum = "9a64b1ec5cda2586e284722486d802acf1f7dbdc623e2bfc57e65ca1cd099290"
dependencies = [
 "autocfg",
]

[[package]]
name = "num_cpus"
version = "1.13.1"
source = "registry+https://github.com/rust-lang/crates.io-index"
checksum = "19e64526ebdee182341572e50e9ad03965aa510cd94427a4549448f285e957a1"
dependencies = [
 "hermit-abi",
 "libc",
]

[[package]]
name = "once_cell"
version = "1.10.0"
source = "registry+https://github.com/rust-lang/crates.io-index"
checksum = "87f3e037eac156d1775da914196f0f37741a274155e34a0b7e427c35d2a2ecb9"

[[package]]
name = "parking_lot"
version = "0.12.0"
source = "registry+https://github.com/rust-lang/crates.io-index"
checksum = "87f5ec2493a61ac0506c0f4199f99070cbe83857b0337006a30f3e6719b8ef58"
dependencies = [
 "lock_api",
 "parking_lot_core",
]

[[package]]
name = "parking_lot_core"
version = "0.9.2"
source = "registry+https://github.com/rust-lang/crates.io-index"
checksum = "995f667a6c822200b0433ac218e05582f0e2efa1b922a3fd2fbaadc5f87bab37"
dependencies = [
 "cfg-if",
 "libc",
 "redox_syscall",
 "smallvec",
 "windows-sys",
]

[[package]]
name = "pin-project-lite"
version = "0.2.8"
source = "registry+https://github.com/rust-lang/crates.io-index"
checksum = "e280fbe77cc62c91527259e9442153f4688736748d24660126286329742b4c6c"

[[package]]
name = "pretty-hex"
version = "0.2.1"
source = "registry+https://github.com/rust-lang/crates.io-index"
checksum = "bc5c99d529f0d30937f6f4b8a86d988047327bb88d04d2c4afc356de74722131"

[[package]]
name = "proc-macro2"
version = "1.0.37"
source = "registry+https://github.com/rust-lang/crates.io-index"
checksum = "ec757218438d5fda206afc041538b2f6d889286160d649a86a24d37e1235afd1"
dependencies = [
 "unicode-xid",
]

[[package]]
name = "quote"
version = "1.0.18"
source = "registry+https://github.com/rust-lang/crates.io-index"
checksum = "a1feb54ed693b93a84e14094943b84b7c4eae204c512b7ccb95ab0c66d278ad1"
dependencies = [
 "proc-macro2",
]

[[package]]
name = "rand"
version = "0.8.5"
source = "registry+https://github.com/rust-lang/crates.io-index"
checksum = "34af8d1a0e25924bc5b7c43c079c942339d8f0a8b57c39049bef581b46327404"
dependencies = [
 "rand_core",
]

[[package]]
name = "rand_core"
version = "0.6.3"
source = "registry+https://github.com/rust-lang/crates.io-index"
checksum = "d34f1408f55294453790c48b2f1ebbb1c5b4b7563eb1f418bcfcfdbb06ebb4e7"
dependencies = [
 "getrandom",
]

[[package]]
name = "redox_syscall"
version = "0.2.13"
source = "registry+https://github.com/rust-lang/crates.io-index"
checksum = "62f25bc4c7e55e0b0b7a1d43fb893f4fa1361d0abe38b9ce4f323c2adfe6ef42"
dependencies = [
 "bitflags",
]

[[package]]
name = "ring"
version = "0.16.20"
source = "registry+https://github.com/rust-lang/crates.io-index"
checksum = "3053cf52e236a3ed746dfc745aa9cacf1b791d846bdaf412f60a8d7d6e17c8fc"
dependencies = [
 "cc",
 "libc",
 "once_cell",
 "spin",
 "untrusted",
 "web-sys",
 "winapi",
]

[[package]]
name = "scopeguard"
version = "1.1.0"
source = "registry+https://github.com/rust-lang/crates.io-index"
checksum = "d29ab0c6d3fc0ee92fe66e2d99f700eab17a8d57d1c1d3b748380fb20baa78cd"

[[package]]
name = "serde"
version = "1.0.136"
source = "registry+https://github.com/rust-lang/crates.io-index"
checksum = "ce31e24b01e1e524df96f1c2fdd054405f8d7376249a5110886fb4b658484789"
dependencies = [
 "serde_derive",
]

[[package]]
name = "serde_derive"
version = "1.0.136"
source = "registry+https://github.com/rust-lang/crates.io-index"
checksum = "08597e7152fcd306f41838ed3e37be9eaeed2b61c42e2117266a554fab4662f9"
dependencies = [
 "proc-macro2",
 "quote",
 "syn",
]

[[package]]
name = "sha2"
version = "0.10.2"
source = "registry+https://github.com/rust-lang/crates.io-index"
checksum = "55deaec60f81eefe3cce0dc50bda92d6d8e88f2a27df7c5033b42afeb1ed2676"
dependencies = [
 "cfg-if",
 "cpufeatures",
 "digest",
]

[[package]]
name = "signal-hook-registry"
version = "1.4.0"
source = "registry+https://github.com/rust-lang/crates.io-index"
checksum = "e51e73328dc4ac0c7ccbda3a494dfa03df1de2f46018127f60c693f2648455b0"
dependencies = [
 "libc",
]

[[package]]
name = "simplelog"
version = "0.11.2"
source = "registry+https://github.com/rust-lang/crates.io-index"
checksum = "c1348164456f72ca0116e4538bdaabb0ddb622c7d9f16387c725af3e96d6001c"
dependencies = [
 "chrono",
 "log",
 "termcolor",
]

[[package]]
name = "smallvec"
version = "1.8.0"
source = "registry+https://github.com/rust-lang/crates.io-index"
checksum = "f2dd574626839106c320a323308629dcb1acfc96e32a8cba364ddc61ac23ee83"

[[package]]
name = "snafu"
version = "0.7.0"
source = "registry+https://github.com/rust-lang/crates.io-index"
checksum = "2eba135d2c579aa65364522eb78590cdf703176ef71ad4c32b00f58f7afb2df5"
dependencies = [
 "doc-comment",
 "snafu-derive",
]

[[package]]
name = "snafu-derive"
version = "0.7.0"
source = "registry+https://github.com/rust-lang/crates.io-index"
checksum = "7a7fe9b0669ef117c5cabc5549638528f36771f058ff977d7689deb517833a75"
dependencies = [
 "heck",
 "proc-macro2",
 "quote",
 "syn",
]

[[package]]
name = "socket2"
version = "0.4.4"
source = "registry+https://github.com/rust-lang/crates.io-index"
checksum = "66d72b759436ae32898a2af0a14218dbf55efde3feeb170eb623637db85ee1e0"
dependencies = [
 "libc",
 "winapi",
]

[[package]]
name = "spin"
version = "0.5.2"
source = "registry+https://github.com/rust-lang/crates.io-index"
checksum = "6e63cff320ae2c57904679ba7cb63280a3dc4613885beafb148ee7bf9aa9042d"

[[package]]
name = "subtle"
version = "2.4.1"
source = "registry+https://github.com/rust-lang/crates.io-index"
checksum = "6bdef32e8150c2a081110b42772ffe7d7c9032b606bc226c8260fd97e0976601"

[[package]]
name = "syn"
version = "1.0.91"
source = "registry+https://github.com/rust-lang/crates.io-index"
checksum = "b683b2b825c8eef438b77c36a06dc262294da3d5a5813fac20da149241dcd44d"
dependencies = [
 "proc-macro2",
 "quote",
 "unicode-xid",
]

[[package]]
name = "termcolor"
version = "1.1.3"
source = "registry+https://github.com/rust-lang/crates.io-index"
checksum = "bab24d30b911b2376f3a13cc2cd443142f0c81dda04c118693e35b3835757755"
dependencies = [
 "winapi-util",
]

[[package]]
name = "time"
version = "0.1.43"
source = "registry+https://github.com/rust-lang/crates.io-index"
checksum = "ca8a50ef2360fbd1eeb0ecd46795a87a19024eb4b53c5dc916ca1fd95fe62438"
dependencies = [
 "libc",
 "winapi",
]

[[package]]
name = "tokio"
version = "1.17.0"
source = "registry+https://github.com/rust-lang/crates.io-index"
checksum = "2af73ac49756f3f7c01172e34a23e5d0216f6c32333757c2c61feb2bbff5a5ee"
dependencies = [
 "bytes",
 "libc",
 "memchr",
 "mio",
 "num_cpus",
 "once_cell",
 "parking_lot",
 "pin-project-lite",
 "signal-hook-registry",
 "socket2",
 "tokio-macros",
 "winapi",
]

[[package]]
name = "tokio-macros"
version = "1.7.0"
source = "registry+https://github.com/rust-lang/crates.io-index"
checksum = "b557f72f448c511a979e2564e55d74e6c4432fc96ff4f6241bc6bded342643b7"
dependencies = [
 "proc-macro2",
 "quote",
 "syn",
]

[[package]]
name = "typenum"
version = "1.15.0"
source = "registry+https://github.com/rust-lang/crates.io-index"
checksum = "dcf81ac59edc17cc8697ff311e8f5ef2d99fcbd9817b34cec66f90b6c3dfd987"

[[package]]
name = "unicode-segmentation"
version = "1.9.0"
source = "registry+https://github.com/rust-lang/crates.io-index"
checksum = "7e8820f5d777f6224dc4be3632222971ac30164d4a258d595640799554ebfd99"

[[package]]
name = "unicode-xid"
version = "0.2.2"
source = "registry+https://github.com/rust-lang/crates.io-index"
checksum = "8ccb82d61f80a663efe1f787a51b16b5a51e3314d6ac365b08639f52387b33f3"

[[package]]
name = "untrusted"
version = "0.7.1"
source = "registry+https://github.com/rust-lang/crates.io-index"
checksum = "a156c684c91ea7d62626509bce3cb4e1d9ed5c4d978f7b4352658f96a4c26b4a"

[[package]]
name = "version_check"
version = "0.9.4"
source = "registry+https://github.com/rust-lang/crates.io-index"
checksum = "49874b5167b65d7193b8aba1567f5c7d93d001cafc34600cee003eda787e483f"

[[package]]
name = "wasi"
version = "0.10.2+wasi-snapshot-preview1"
source = "registry+https://github.com/rust-lang/crates.io-index"
checksum = "fd6fbd9a79829dd1ad0cc20627bf1ed606756a7f77edff7b66b7064f9cb327c6"

[[package]]
name = "wasi"
version = "0.11.0+wasi-snapshot-preview1"
source = "registry+https://github.com/rust-lang/crates.io-index"
checksum = "9c8d87e72b64a3b4db28d11ce29237c246188f4f51057d65a7eab63b7987e423"

[[package]]
name = "wasm-bindgen"
version = "0.2.80"
source = "registry+https://github.com/rust-lang/crates.io-index"
checksum = "27370197c907c55e3f1a9fbe26f44e937fe6451368324e009cba39e139dc08ad"
dependencies = [
 "cfg-if",
 "wasm-bindgen-macro",
]

[[package]]
name = "wasm-bindgen-backend"
version = "0.2.80"
source = "registry+https://github.com/rust-lang/crates.io-index"
checksum = "53e04185bfa3a779273da532f5025e33398409573f348985af9a1cbf3774d3f4"
dependencies = [
 "bumpalo",
 "lazy_static",
 "log",
 "proc-macro2",
 "quote",
 "syn",
 "wasm-bindgen-shared",
]

[[package]]
name = "wasm-bindgen-macro"
version = "0.2.80"
source = "registry+https://github.com/rust-lang/crates.io-index"
checksum = "17cae7ff784d7e83a2fe7611cfe766ecf034111b49deb850a3dc7699c08251f5"
dependencies = [
 "quote",
 "wasm-bindgen-macro-support",
]

[[package]]
name = "wasm-bindgen-macro-support"
version = "0.2.80"
source = "registry+https://github.com/rust-lang/crates.io-index"
checksum = "99ec0dc7a4756fffc231aab1b9f2f578d23cd391390ab27f952ae0c9b3ece20b"
dependencies = [
 "proc-macro2",
 "quote",
 "syn",
 "wasm-bindgen-backend",
 "wasm-bindgen-shared",
]

[[package]]
name = "wasm-bindgen-shared"
version = "0.2.80"
source = "registry+https://github.com/rust-lang/crates.io-index"
checksum = "d554b7f530dee5964d9a9468d95c1f8b8acae4f282807e7d27d4b03099a46744"

[[package]]
name = "web-sys"
version = "0.3.57"
source = "registry+https://github.com/rust-lang/crates.io-index"
checksum = "7b17e741662c70c8bd24ac5c5b18de314a2c26c32bf8346ee1e6f53de919c283"
dependencies = [
 "js-sys",
 "wasm-bindgen",
]

[[package]]
name = "winapi"
version = "0.3.9"
source = "registry+https://github.com/rust-lang/crates.io-index"
checksum = "5c839a674fcd7a98952e593242ea400abe93992746761e38641405d28b00f419"
dependencies = [
 "winapi-i686-pc-windows-gnu",
 "winapi-x86_64-pc-windows-gnu",
]

[[package]]
name = "winapi-i686-pc-windows-gnu"
version = "0.4.0"
source = "registry+https://github.com/rust-lang/crates.io-index"
checksum = "ac3b87c63620426dd9b991e5ce0329eff545bccbbb34f3be09ff6fb6ab51b7b6"

[[package]]
name = "winapi-util"
version = "0.1.5"
source = "registry+https://github.com/rust-lang/crates.io-index"
checksum = "70ec6ce85bb158151cae5e5c87f95a8e97d2c0c4b001223f33a334e3ce5de178"
dependencies = [
 "winapi",
]

[[package]]
name = "winapi-x86_64-pc-windows-gnu"
version = "0.4.0"
source = "registry+https://github.com/rust-lang/crates.io-index"
checksum = "712e227841d057c1ee1cd2fb22fa7e5a5461ae8e48fa2ca79ec42cfc1931183f"

[[package]]
name = "windows-sys"
version = "0.34.0"
source = "registry+https://github.com/rust-lang/crates.io-index"
checksum = "5acdd78cb4ba54c0045ac14f62d8f94a03d10047904ae2a40afa1e99d8f70825"
dependencies = [
 "windows_aarch64_msvc",
 "windows_i686_gnu",
 "windows_i686_msvc",
 "windows_x86_64_gnu",
 "windows_x86_64_msvc",
]

[[package]]
name = "windows_aarch64_msvc"
version = "0.34.0"
source = "registry+https://github.com/rust-lang/crates.io-index"
checksum = "17cffbe740121affb56fad0fc0e421804adf0ae00891205213b5cecd30db881d"

[[package]]
name = "windows_i686_gnu"
version = "0.34.0"
source = "registry+https://github.com/rust-lang/crates.io-index"
checksum = "2564fde759adb79129d9b4f54be42b32c89970c18ebf93124ca8870a498688ed"

[[package]]
name = "windows_i686_msvc"
version = "0.34.0"
source = "registry+https://github.com/rust-lang/crates.io-index"
checksum = "9cd9d32ba70453522332c14d38814bceeb747d80b3958676007acadd7e166956"

[[package]]
name = "windows_x86_64_gnu"
version = "0.34.0"
source = "registry+https://github.com/rust-lang/crates.io-index"
checksum = "cfce6deae227ee8d356d19effc141a509cc503dfd1f850622ec4b0f84428e1f4"

[[package]]
name = "windows_x86_64_msvc"
version = "0.34.0"
source = "registry+https://github.com/rust-lang/crates.io-index"
checksum = "d19538ccc21819d01deaf88d6a17eae6596a12e9aafdbb97916fb49896d89de9"

[[package]]
name = "zeroize"
version = "1.5.4"
source = "registry+https://github.com/rust-lang/crates.io-index"
checksum = "7eb5728b8afd3f280a869ce1d4c554ffaed35f45c231fc41bfbd0381bef50317"
